// !$*UTF8*$!
{
	archiveVersion = 1;
	classes = {
	};
	objectVersion = 56;
	objects = {

/* Begin PBXBuildFile section */
		1615ABE21ADA7A458CB592B0 /* Pods_Rick_Morty.framework in Frameworks */ = {isa = PBXBuildFile; fileRef = 45C2A582BAD7F35E4A5D7078 /* Pods_Rick_Morty.framework */; };
		CF0E58DA2AD328D3000FE99C /* KeyChainManager.swift in Sources */ = {isa = PBXBuildFile; fileRef = CF0E58D92AD328D3000FE99C /* KeyChainManager.swift */; };
		CF0E58DD2AD32C86000FE99C /* K.swift in Sources */ = {isa = PBXBuildFile; fileRef = CF0E58DC2AD32C86000FE99C /* K.swift */; };
		CF0E58DF2AD3404C000FE99C /* LogOutController.swift in Sources */ = {isa = PBXBuildFile; fileRef = CF0E58DE2AD3404C000FE99C /* LogOutController.swift */; };
		CF13A6D32AD53C800055ED11 /* Character.swift in Sources */ = {isa = PBXBuildFile; fileRef = CF13A6D22AD53C800055ED11 /* Character.swift */; };
		CF13A6D62AD540FB0055ED11 /* HomeViewModel.swift in Sources */ = {isa = PBXBuildFile; fileRef = CF13A6D52AD540FB0055ED11 /* HomeViewModel.swift */; };
		CF13A6D92AD5425A0055ED11 /* HomeViewModelType.swift in Sources */ = {isa = PBXBuildFile; fileRef = CF13A6D82AD5425A0055ED11 /* HomeViewModelType.swift */; };
		CF13A6DC2AD545620055ED11 /* CharacterCellViewModelType.swift in Sources */ = {isa = PBXBuildFile; fileRef = CF13A6DB2AD545620055ED11 /* CharacterCellViewModelType.swift */; };
		CF13A6DE2AD5469A0055ED11 /* CharacterCellViewModel.swift in Sources */ = {isa = PBXBuildFile; fileRef = CF13A6DD2AD5469A0055ED11 /* CharacterCellViewModel.swift */; };
		CF1840D52AD5A1A500903C5E /* NetworkService.swift in Sources */ = {isa = PBXBuildFile; fileRef = CF1840D42AD5A1A500903C5E /* NetworkService.swift */; };
		CF1840DA2AD5A7AF00903C5E /* DecodeJson.swift in Sources */ = {isa = PBXBuildFile; fileRef = CF1840D92AD5A7AF00903C5E /* DecodeJson.swift */; };
		CF23EAB02AD40A130004C647 /* RickAndMortyController.swift in Sources */ = {isa = PBXBuildFile; fileRef = CF23EAAF2AD40A130004C647 /* RickAndMortyController.swift */; };
		CF23EAB32AD40FB50004C647 /* Extension.swift in Sources */ = {isa = PBXBuildFile; fileRef = CF23EAB22AD40FB50004C647 /* Extension.swift */; };
		CF5F1CED2AD728EF001E2A3E /* InfoController.swift in Sources */ = {isa = PBXBuildFile; fileRef = CF5F1CEC2AD728EF001E2A3E /* InfoController.swift */; };
		CF5F1CF32AD729B3001E2A3E /* InfoViewModel.swift in Sources */ = {isa = PBXBuildFile; fileRef = CF5F1CF22AD729B3001E2A3E /* InfoViewModel.swift */; };
		CF5F1CF62AD729FA001E2A3E /* InfoViewModelType.swift in Sources */ = {isa = PBXBuildFile; fileRef = CF5F1CF52AD729FA001E2A3E /* InfoViewModelType.swift */; };
		CF5F1CF82AD72A92001E2A3E /* EpisodeCellViewModelType.swift in Sources */ = {isa = PBXBuildFile; fileRef = CF5F1CF72AD72A92001E2A3E /* EpisodeCellViewModelType.swift */; };
		CF5F1CFC2AD72B4B001E2A3E /* PlanetCellViewModelType.swift in Sources */ = {isa = PBXBuildFile; fileRef = CF5F1CFB2AD72B4B001E2A3E /* PlanetCellViewModelType.swift */; };
		CF5F1CFE2AD72BCD001E2A3E /* InfoCellViewModelType.swift in Sources */ = {isa = PBXBuildFile; fileRef = CF5F1CFD2AD72BCD001E2A3E /* InfoCellViewModelType.swift */; };
		CF6051AE2AD3278E00DF5688 /* AppDelegate.swift in Sources */ = {isa = PBXBuildFile; fileRef = CF6051AD2AD3278E00DF5688 /* AppDelegate.swift */; };
		CF6051B02AD3278E00DF5688 /* SceneDelegate.swift in Sources */ = {isa = PBXBuildFile; fileRef = CF6051AF2AD3278E00DF5688 /* SceneDelegate.swift */; };
		CF6051B22AD3278E00DF5688 /* AuthController.swift in Sources */ = {isa = PBXBuildFile; fileRef = CF6051B12AD3278E00DF5688 /* AuthController.swift */; };
		CF6051B52AD3278E00DF5688 /* Main.storyboard in Resources */ = {isa = PBXBuildFile; fileRef = CF6051B32AD3278E00DF5688 /* Main.storyboard */; };
		CF6051B72AD3278F00DF5688 /* Assets.xcassets in Resources */ = {isa = PBXBuildFile; fileRef = CF6051B62AD3278F00DF5688 /* Assets.xcassets */; };
		CF6051BA2AD3278F00DF5688 /* LaunchScreen.storyboard in Resources */ = {isa = PBXBuildFile; fileRef = CF6051B82AD3278F00DF5688 /* LaunchScreen.storyboard */; };
		CF9049682AD7DAE400212C57 /* Episode.swift in Sources */ = {isa = PBXBuildFile; fileRef = CF9049672AD7DAE400212C57 /* Episode.swift */; };
		CF90496A2AD7DBE600212C57 /* InfoCellViewModel.swift in Sources */ = {isa = PBXBuildFile; fileRef = CF9049692AD7DBE600212C57 /* InfoCellViewModel.swift */; };
		CF90496C2AD7DBF000212C57 /* InfoCell.swift in Sources */ = {isa = PBXBuildFile; fileRef = CF90496B2AD7DBF000212C57 /* InfoCell.swift */; };
		CF9049702AD7DC1800212C57 /* PlanetCellViewModel.swift in Sources */ = {isa = PBXBuildFile; fileRef = CF90496F2AD7DC1800212C57 /* PlanetCellViewModel.swift */; };
		CF9049722AD7DC2400212C57 /* PlanetCell.swift in Sources */ = {isa = PBXBuildFile; fileRef = CF9049712AD7DC2400212C57 /* PlanetCell.swift */; };
		CF9049742AD7DC3700212C57 /* EpisodeCell.swift in Sources */ = {isa = PBXBuildFile; fileRef = CF9049732AD7DC3700212C57 /* EpisodeCell.swift */; };
		CF9049772AD7DC4E00212C57 /* EpisodeCellViewModel.swift in Sources */ = {isa = PBXBuildFile; fileRef = CF9049762AD7DC4E00212C57 /* EpisodeCellViewModel.swift */; };
		CF9049792AD7DF4100212C57 /* InfoType.swift in Sources */ = {isa = PBXBuildFile; fileRef = CF9049782AD7DF4100212C57 /* InfoType.swift */; };
		CF90497C2AD7E06200212C57 /* InfoModel.swift in Sources */ = {isa = PBXBuildFile; fileRef = CF90497B2AD7E06200212C57 /* InfoModel.swift */; };
		CFAF57982AD844EB00F662D1 /* FooterView.swift in Sources */ = {isa = PBXBuildFile; fileRef = CFAF57972AD844EB00F662D1 /* FooterView.swift */; };
		CFCFF2682AD465E500B57DB4 /* HomeController.swift in Sources */ = {isa = PBXBuildFile; fileRef = CFCFF2672AD465E500B57DB4 /* HomeController.swift */; };
		CFCFF26D2AD4717300B57DB4 /* CharacterCell.swift in Sources */ = {isa = PBXBuildFile; fileRef = CFCFF26C2AD4717300B57DB4 /* CharacterCell.swift */; };
		CFDE7EFB2AD6E3D200252C67 /* CharacterHeader.swift in Sources */ = {isa = PBXBuildFile; fileRef = CFDE7EFA2AD6E3D200252C67 /* CharacterHeader.swift */; };
		CFDE7EFD2AD6E4E700252C67 /* CharacterFooter.swift in Sources */ = {isa = PBXBuildFile; fileRef = CFDE7EFC2AD6E4E700252C67 /* CharacterFooter.swift */; };
		CFDE89FA2AD91D250072E257 /* AvatarHeaderView.swift in Sources */ = {isa = PBXBuildFile; fileRef = CFDE89F92AD91D250072E257 /* AvatarHeaderView.swift */; };
		CFDE89FC2AD9263A0072E257 /* Location.swift in Sources */ = {isa = PBXBuildFile; fileRef = CFDE89FB2AD9263A0072E257 /* Location.swift */; };
		CFE6F8CC2AD9732000F8BCA2 /* MainTabBarController.swift in Sources */ = {isa = PBXBuildFile; fileRef = CFE6F8CB2AD9732000F8BCA2 /* MainTabBarController.swift */; };
/* End PBXBuildFile section */

/* Begin PBXFileReference section */
		45C2A582BAD7F35E4A5D7078 /* Pods_Rick_Morty.framework */ = {isa = PBXFileReference; explicitFileType = wrapper.framework; includeInIndex = 0; path = Pods_Rick_Morty.framework; sourceTree = BUILT_PRODUCTS_DIR; };
		466095CF3EEDC293E1DE0006 /* Pods-Rick&Morty.debug.xcconfig */ = {isa = PBXFileReference; includeInIndex = 1; lastKnownFileType = text.xcconfig; name = "Pods-Rick&Morty.debug.xcconfig"; path = "Target Support Files/Pods-Rick&Morty/Pods-Rick&Morty.debug.xcconfig"; sourceTree = "<group>"; };
		CF0E58D92AD328D3000FE99C /* KeyChainManager.swift */ = {isa = PBXFileReference; lastKnownFileType = sourcecode.swift; path = KeyChainManager.swift; sourceTree = "<group>"; };
		CF0E58DC2AD32C86000FE99C /* K.swift */ = {isa = PBXFileReference; lastKnownFileType = sourcecode.swift; path = K.swift; sourceTree = "<group>"; };
		CF0E58DE2AD3404C000FE99C /* LogOutController.swift */ = {isa = PBXFileReference; lastKnownFileType = sourcecode.swift; path = LogOutController.swift; sourceTree = "<group>"; };
		CF13A6D22AD53C800055ED11 /* Character.swift */ = {isa = PBXFileReference; lastKnownFileType = sourcecode.swift; path = Character.swift; sourceTree = "<group>"; };
		CF13A6D52AD540FB0055ED11 /* HomeViewModel.swift */ = {isa = PBXFileReference; lastKnownFileType = sourcecode.swift; path = HomeViewModel.swift; sourceTree = "<group>"; };
		CF13A6D82AD5425A0055ED11 /* HomeViewModelType.swift */ = {isa = PBXFileReference; lastKnownFileType = sourcecode.swift; path = HomeViewModelType.swift; sourceTree = "<group>"; };
		CF13A6DB2AD545620055ED11 /* CharacterCellViewModelType.swift */ = {isa = PBXFileReference; lastKnownFileType = sourcecode.swift; path = CharacterCellViewModelType.swift; sourceTree = "<group>"; };
		CF13A6DD2AD5469A0055ED11 /* CharacterCellViewModel.swift */ = {isa = PBXFileReference; lastKnownFileType = sourcecode.swift; path = CharacterCellViewModel.swift; sourceTree = "<group>"; };
		CF1840D42AD5A1A500903C5E /* NetworkService.swift */ = {isa = PBXFileReference; lastKnownFileType = sourcecode.swift; path = NetworkService.swift; sourceTree = "<group>"; };
		CF1840D92AD5A7AF00903C5E /* DecodeJson.swift */ = {isa = PBXFileReference; lastKnownFileType = sourcecode.swift; path = DecodeJson.swift; sourceTree = "<group>"; };
		CF23EAAF2AD40A130004C647 /* RickAndMortyController.swift */ = {isa = PBXFileReference; lastKnownFileType = sourcecode.swift; path = RickAndMortyController.swift; sourceTree = "<group>"; };
		CF23EAB22AD40FB50004C647 /* Extension.swift */ = {isa = PBXFileReference; lastKnownFileType = sourcecode.swift; path = Extension.swift; sourceTree = "<group>"; };
		CF5F1CEC2AD728EF001E2A3E /* InfoController.swift */ = {isa = PBXFileReference; lastKnownFileType = sourcecode.swift; path = InfoController.swift; sourceTree = "<group>"; };
		CF5F1CF22AD729B3001E2A3E /* InfoViewModel.swift */ = {isa = PBXFileReference; lastKnownFileType = sourcecode.swift; path = InfoViewModel.swift; sourceTree = "<group>"; };
		CF5F1CF52AD729FA001E2A3E /* InfoViewModelType.swift */ = {isa = PBXFileReference; lastKnownFileType = sourcecode.swift; path = InfoViewModelType.swift; sourceTree = "<group>"; };
		CF5F1CF72AD72A92001E2A3E /* EpisodeCellViewModelType.swift */ = {isa = PBXFileReference; lastKnownFileType = sourcecode.swift; path = EpisodeCellViewModelType.swift; sourceTree = "<group>"; };
		CF5F1CFB2AD72B4B001E2A3E /* PlanetCellViewModelType.swift */ = {isa = PBXFileReference; lastKnownFileType = sourcecode.swift; path = PlanetCellViewModelType.swift; sourceTree = "<group>"; };
		CF5F1CFD2AD72BCD001E2A3E /* InfoCellViewModelType.swift */ = {isa = PBXFileReference; lastKnownFileType = sourcecode.swift; path = InfoCellViewModelType.swift; sourceTree = "<group>"; };
		CF6051AA2AD3278E00DF5688 /* Rick&Morty.app */ = {isa = PBXFileReference; explicitFileType = wrapper.application; includeInIndex = 0; path = "Rick&Morty.app"; sourceTree = BUILT_PRODUCTS_DIR; };
		CF6051AD2AD3278E00DF5688 /* AppDelegate.swift */ = {isa = PBXFileReference; lastKnownFileType = sourcecode.swift; path = AppDelegate.swift; sourceTree = "<group>"; };
		CF6051AF2AD3278E00DF5688 /* SceneDelegate.swift */ = {isa = PBXFileReference; lastKnownFileType = sourcecode.swift; path = SceneDelegate.swift; sourceTree = "<group>"; };
		CF6051B12AD3278E00DF5688 /* AuthController.swift */ = {isa = PBXFileReference; lastKnownFileType = sourcecode.swift; path = AuthController.swift; sourceTree = "<group>"; };
		CF6051B42AD3278E00DF5688 /* Base */ = {isa = PBXFileReference; lastKnownFileType = file.storyboard; name = Base; path = Base.lproj/Main.storyboard; sourceTree = "<group>"; };
		CF6051B62AD3278F00DF5688 /* Assets.xcassets */ = {isa = PBXFileReference; lastKnownFileType = folder.assetcatalog; path = Assets.xcassets; sourceTree = "<group>"; };
		CF6051B92AD3278F00DF5688 /* Base */ = {isa = PBXFileReference; lastKnownFileType = file.storyboard; name = Base; path = Base.lproj/LaunchScreen.storyboard; sourceTree = "<group>"; };
		CF6051BB2AD3278F00DF5688 /* Info.plist */ = {isa = PBXFileReference; lastKnownFileType = text.plist.xml; path = Info.plist; sourceTree = "<group>"; };
		CF9049672AD7DAE400212C57 /* Episode.swift */ = {isa = PBXFileReference; lastKnownFileType = sourcecode.swift; path = Episode.swift; sourceTree = "<group>"; };
		CF9049692AD7DBE600212C57 /* InfoCellViewModel.swift */ = {isa = PBXFileReference; lastKnownFileType = sourcecode.swift; path = InfoCellViewModel.swift; sourceTree = "<group>"; };
		CF90496B2AD7DBF000212C57 /* InfoCell.swift */ = {isa = PBXFileReference; lastKnownFileType = sourcecode.swift; path = InfoCell.swift; sourceTree = "<group>"; };
		CF90496F2AD7DC1800212C57 /* PlanetCellViewModel.swift */ = {isa = PBXFileReference; lastKnownFileType = sourcecode.swift; path = PlanetCellViewModel.swift; sourceTree = "<group>"; };
		CF9049712AD7DC2400212C57 /* PlanetCell.swift */ = {isa = PBXFileReference; lastKnownFileType = sourcecode.swift; path = PlanetCell.swift; sourceTree = "<group>"; };
		CF9049732AD7DC3700212C57 /* EpisodeCell.swift */ = {isa = PBXFileReference; lastKnownFileType = sourcecode.swift; path = EpisodeCell.swift; sourceTree = "<group>"; };
		CF9049762AD7DC4E00212C57 /* EpisodeCellViewModel.swift */ = {isa = PBXFileReference; lastKnownFileType = sourcecode.swift; path = EpisodeCellViewModel.swift; sourceTree = "<group>"; };
		CF9049782AD7DF4100212C57 /* InfoType.swift */ = {isa = PBXFileReference; lastKnownFileType = sourcecode.swift; path = InfoType.swift; sourceTree = "<group>"; };
		CF90497B2AD7E06200212C57 /* InfoModel.swift */ = {isa = PBXFileReference; lastKnownFileType = sourcecode.swift; path = InfoModel.swift; sourceTree = "<group>"; };
		CFAF57972AD844EB00F662D1 /* FooterView.swift */ = {isa = PBXFileReference; lastKnownFileType = sourcecode.swift; path = FooterView.swift; sourceTree = "<group>"; };
		CFCFF2672AD465E500B57DB4 /* HomeController.swift */ = {isa = PBXFileReference; lastKnownFileType = sourcecode.swift; path = HomeController.swift; sourceTree = "<group>"; };
		CFCFF26C2AD4717300B57DB4 /* CharacterCell.swift */ = {isa = PBXFileReference; lastKnownFileType = sourcecode.swift; path = CharacterCell.swift; sourceTree = "<group>"; };
		CFDE7EFA2AD6E3D200252C67 /* CharacterHeader.swift */ = {isa = PBXFileReference; lastKnownFileType = sourcecode.swift; path = CharacterHeader.swift; sourceTree = "<group>"; };
		CFDE7EFC2AD6E4E700252C67 /* CharacterFooter.swift */ = {isa = PBXFileReference; lastKnownFileType = sourcecode.swift; path = CharacterFooter.swift; sourceTree = "<group>"; };
		CFDE89F92AD91D250072E257 /* AvatarHeaderView.swift */ = {isa = PBXFileReference; lastKnownFileType = sourcecode.swift; path = AvatarHeaderView.swift; sourceTree = "<group>"; };
		CFDE89FB2AD9263A0072E257 /* Location.swift */ = {isa = PBXFileReference; lastKnownFileType = sourcecode.swift; path = Location.swift; sourceTree = "<group>"; };
		CFE6F8CB2AD9732000F8BCA2 /* MainTabBarController.swift */ = {isa = PBXFileReference; lastKnownFileType = sourcecode.swift; path = MainTabBarController.swift; sourceTree = "<group>"; };
		F5827D6753A697261E8039B7 /* Pods-Rick&Morty.release.xcconfig */ = {isa = PBXFileReference; includeInIndex = 1; lastKnownFileType = text.xcconfig; name = "Pods-Rick&Morty.release.xcconfig"; path = "Target Support Files/Pods-Rick&Morty/Pods-Rick&Morty.release.xcconfig"; sourceTree = "<group>"; };
/* End PBXFileReference section */

/* Begin PBXFrameworksBuildPhase section */
		CF6051A72AD3278E00DF5688 /* Frameworks */ = {
			isa = PBXFrameworksBuildPhase;
			buildActionMask = 2147483647;
			files = (
				1615ABE21ADA7A458CB592B0 /* Pods_Rick_Morty.framework in Frameworks */,
			);
			runOnlyForDeploymentPostprocessing = 0;
		};
/* End PBXFrameworksBuildPhase section */

/* Begin PBXGroup section */
		B58097143071EDC090023618 /* Frameworks */ = {
			isa = PBXGroup;
			children = (
				45C2A582BAD7F35E4A5D7078 /* Pods_Rick_Morty.framework */,
			);
			name = Frameworks;
			sourceTree = "<group>";
		};
		CF0E58DB2AD328D6000FE99C /* Auth */ = {
			isa = PBXGroup;
			children = (
				CF6051B12AD3278E00DF5688 /* AuthController.swift */,
			);
			path = Auth;
			sourceTree = "<group>";
		};
		CF13A6D42AD53C840055ED11 /* Model */ = {
			isa = PBXGroup;
			children = (
				CF13A6D22AD53C800055ED11 /* Character.swift */,
			);
			path = Model;
			sourceTree = "<group>";
		};
		CF13A6D72AD542420055ED11 /* ViewModel */ = {
			isa = PBXGroup;
			children = (
				CF13A6D52AD540FB0055ED11 /* HomeViewModel.swift */,
			);
			path = ViewModel;
			sourceTree = "<group>";
		};
		CF13A6DA2AD542B60055ED11 /* Protocols */ = {
			isa = PBXGroup;
			children = (
				CF13A6D82AD5425A0055ED11 /* HomeViewModelType.swift */,
				CF13A6DB2AD545620055ED11 /* CharacterCellViewModelType.swift */,
			);
			path = Protocols;
			sourceTree = "<group>";
		};
		CF1840CF2AD5A0AB00903C5E /* Model */ = {
			isa = PBXGroup;
			children = (
				CF0E58DC2AD32C86000FE99C /* K.swift */,
				CF0E58D92AD328D3000FE99C /* KeyChainManager.swift */,
				CF1840D92AD5A7AF00903C5E /* DecodeJson.swift */,
			);
			path = Model;
			sourceTree = "<group>";
		};
		CF1840D02AD5A0B300903C5E /* View */ = {
			isa = PBXGroup;
			children = (
				CF23EAAF2AD40A130004C647 /* RickAndMortyController.swift */,
				CF6051AD2AD3278E00DF5688 /* AppDelegate.swift */,
				CF6051AF2AD3278E00DF5688 /* SceneDelegate.swift */,
			);
			path = View;
			sourceTree = "<group>";
		};
		CF1840D12AD5A0CA00903C5E /* Extension */ = {
			isa = PBXGroup;
			children = (
				CF23EAB22AD40FB50004C647 /* Extension.swift */,
			);
			path = Extension;
			sourceTree = "<group>";
		};
		CF1840D22AD5A0DA00903C5E /* NetworkManager */ = {
			isa = PBXGroup;
			children = (
				CF1840D42AD5A1A500903C5E /* NetworkService.swift */,
			);
			path = NetworkManager;
			sourceTree = "<group>";
		};
		CF23EAB12AD40A1A0004C647 /* Application */ = {
			isa = PBXGroup;
			children = (
				CF1840D22AD5A0DA00903C5E /* NetworkManager */,
				CF1840D02AD5A0B300903C5E /* View */,
				CF1840CF2AD5A0AB00903C5E /* Model */,
				CF1840D12AD5A0CA00903C5E /* Extension */,
			);
			path = Application;
			sourceTree = "<group>";
		};
		CF5F1CEB2AD728D5001E2A3E /* Info */ = {
			isa = PBXGroup;
			children = (
				CF5F1CF02AD72904001E2A3E /* Model */,
				CF5F1CEE2AD728F2001E2A3E /* View */,
				CF5F1CEF2AD728FA001E2A3E /* ViewModel */,
				CF5F1CF42AD729D6001E2A3E /* Protocols */,
			);
			path = Info;
			sourceTree = "<group>";
		};
		CF5F1CEE2AD728F2001E2A3E /* View */ = {
			isa = PBXGroup;
			children = (
				CFAF57962AD844DD00F662D1 /* ReusableView */,
				CF5F1CF12AD7290D001E2A3E /* Cell */,
				CF5F1CEC2AD728EF001E2A3E /* InfoController.swift */,
			);
			path = View;
			sourceTree = "<group>";
		};
		CF5F1CEF2AD728FA001E2A3E /* ViewModel */ = {
			isa = PBXGroup;
			children = (
				CF90497D2AD7F61000212C57 /* CellViewModel */,
				CF5F1CF22AD729B3001E2A3E /* InfoViewModel.swift */,
			);
			path = ViewModel;
			sourceTree = "<group>";
		};
		CF5F1CF02AD72904001E2A3E /* Model */ = {
			isa = PBXGroup;
			children = (
				CF9049672AD7DAE400212C57 /* Episode.swift */,
				CF90497B2AD7E06200212C57 /* InfoModel.swift */,
				CFDE89FB2AD9263A0072E257 /* Location.swift */,
			);
			path = Model;
			sourceTree = "<group>";
		};
		CF5F1CF12AD7290D001E2A3E /* Cell */ = {
			isa = PBXGroup;
			children = (
				CF90496B2AD7DBF000212C57 /* InfoCell.swift */,
				CF9049712AD7DC2400212C57 /* PlanetCell.swift */,
				CF9049732AD7DC3700212C57 /* EpisodeCell.swift */,
			);
			path = Cell;
			sourceTree = "<group>";
		};
		CF5F1CF42AD729D6001E2A3E /* Protocols */ = {
			isa = PBXGroup;
			children = (
				CF9049782AD7DF4100212C57 /* InfoType.swift */,
				CF90497E2AD7F67500212C57 /* CellViewModelType */,
			);
			path = Protocols;
			sourceTree = "<group>";
		};
		CF6051A12AD3278E00DF5688 = {
			isa = PBXGroup;
			children = (
				CF6051AC2AD3278E00DF5688 /* Rick&Morty */,
				CF6051AB2AD3278E00DF5688 /* Products */,
				F90B57D6831D784E74F2F8F2 /* Pods */,
				B58097143071EDC090023618 /* Frameworks */,
			);
			sourceTree = "<group>";
		};
		CF6051AB2AD3278E00DF5688 /* Products */ = {
			isa = PBXGroup;
			children = (
				CF6051AA2AD3278E00DF5688 /* Rick&Morty.app */,
			);
			name = Products;
			sourceTree = "<group>";
		};
		CF6051AC2AD3278E00DF5688 /* Rick&Morty */ = {
			isa = PBXGroup;
			children = (
				CF23EAB12AD40A1A0004C647 /* Application */,
				CF0E58DB2AD328D6000FE99C /* Auth */,
				CFDE89FD2AD92A3B0072E257 /* Main */,
				CF6051B32AD3278E00DF5688 /* Main.storyboard */,
				CF6051B62AD3278F00DF5688 /* Assets.xcassets */,
				CF6051B82AD3278F00DF5688 /* LaunchScreen.storyboard */,
				CF6051BB2AD3278F00DF5688 /* Info.plist */,
			);
			path = "Rick&Morty";
			sourceTree = "<group>";
		};
		CF90497D2AD7F61000212C57 /* CellViewModel */ = {
			isa = PBXGroup;
			children = (
				CF9049692AD7DBE600212C57 /* InfoCellViewModel.swift */,
				CF90496F2AD7DC1800212C57 /* PlanetCellViewModel.swift */,
				CF9049762AD7DC4E00212C57 /* EpisodeCellViewModel.swift */,
			);
			path = CellViewModel;
			sourceTree = "<group>";
		};
		CF90497E2AD7F67500212C57 /* CellViewModelType */ = {
			isa = PBXGroup;
			children = (
				CF5F1CF52AD729FA001E2A3E /* InfoViewModelType.swift */,
				CF5F1CF72AD72A92001E2A3E /* EpisodeCellViewModelType.swift */,
				CF5F1CFD2AD72BCD001E2A3E /* InfoCellViewModelType.swift */,
				CF5F1CFB2AD72B4B001E2A3E /* PlanetCellViewModelType.swift */,
			);
			path = CellViewModelType;
			sourceTree = "<group>";
		};
		CFAF57962AD844DD00F662D1 /* ReusableView */ = {
			isa = PBXGroup;
			children = (
				CFDE89F92AD91D250072E257 /* AvatarHeaderView.swift */,
				CFAF57972AD844EB00F662D1 /* FooterView.swift */,
			);
			path = ReusableView;
			sourceTree = "<group>";
		};
		CFCFF2652AD465BE00B57DB4 /* LogOut */ = {
			isa = PBXGroup;
			children = (
				CF0E58DE2AD3404C000FE99C /* LogOutController.swift */,
			);
			path = LogOut;
			sourceTree = "<group>";
		};
		CFCFF2662AD465D000B57DB4 /* Home */ = {
			isa = PBXGroup;
			children = (
				CFCFF26B2AD4715C00B57DB4 /* View */,
				CF13A6D42AD53C840055ED11 /* Model */,
				CF13A6D72AD542420055ED11 /* ViewModel */,
				CF13A6DA2AD542B60055ED11 /* Protocols */,
			);
			path = Home;
			sourceTree = "<group>";
		};
		CFCFF26B2AD4715C00B57DB4 /* View */ = {
			isa = PBXGroup;
			children = (
				CFCFF2672AD465E500B57DB4 /* HomeController.swift */,
				CFDE7EFF2AD6E56C00252C67 /* Cell */,
				CFDE7EFE2AD6E4EA00252C67 /* ReusableView */,
			);
			path = View;
			sourceTree = "<group>";
		};
		CFDE7EFE2AD6E4EA00252C67 /* ReusableView */ = {
			isa = PBXGroup;
			children = (
				CFDE7EFA2AD6E3D200252C67 /* CharacterHeader.swift */,
				CFDE7EFC2AD6E4E700252C67 /* CharacterFooter.swift */,
			);
			path = ReusableView;
			sourceTree = "<group>";
		};
		CFDE7EFF2AD6E56C00252C67 /* Cell */ = {
			isa = PBXGroup;
			children = (
				CFCFF26C2AD4717300B57DB4 /* CharacterCell.swift */,
				CF13A6DD2AD5469A0055ED11 /* CharacterCellViewModel.swift */,
			);
			path = Cell;
			sourceTree = "<group>";
		};
		CFDE89FD2AD92A3B0072E257 /* Main */ = {
			isa = PBXGroup;
			children = (
				CFE6F8CB2AD9732000F8BCA2 /* MainTabBarController.swift */,
				CFCFF2652AD465BE00B57DB4 /* LogOut */,
				CFCFF2662AD465D000B57DB4 /* Home */,
				CF5F1CEB2AD728D5001E2A3E /* Info */,
			);
			path = Main;
			sourceTree = "<group>";
		};
		F90B57D6831D784E74F2F8F2 /* Pods */ = {
			isa = PBXGroup;
			children = (
				466095CF3EEDC293E1DE0006 /* Pods-Rick&Morty.debug.xcconfig */,
				F5827D6753A697261E8039B7 /* Pods-Rick&Morty.release.xcconfig */,
			);
			path = Pods;
			sourceTree = "<group>";
		};
/* End PBXGroup section */

/* Begin PBXNativeTarget section */
		CF6051A92AD3278E00DF5688 /* Rick&Morty */ = {
			isa = PBXNativeTarget;
			buildConfigurationList = CF6051BE2AD3278F00DF5688 /* Build configuration list for PBXNativeTarget "Rick&Morty" */;
			buildPhases = (
				965D4CD15D7C5D7F5477BBF5 /* [CP] Check Pods Manifest.lock */,
				CF6051A62AD3278E00DF5688 /* Sources */,
				CF6051A72AD3278E00DF5688 /* Frameworks */,
				CF6051A82AD3278E00DF5688 /* Resources */,
				25798662B37437BE0AD90461 /* [CP] Embed Pods Frameworks */,
			);
			buildRules = (
			);
			dependencies = (
			);
			name = "Rick&Morty";
			productName = "Rick&Morty";
			productReference = CF6051AA2AD3278E00DF5688 /* Rick&Morty.app */;
			productType = "com.apple.product-type.application";
		};
/* End PBXNativeTarget section */

/* Begin PBXProject section */
		CF6051A22AD3278E00DF5688 /* Project object */ = {
			isa = PBXProject;
			attributes = {
				BuildIndependentTargetsInParallel = 1;
				LastSwiftUpdateCheck = 1430;
				LastUpgradeCheck = 1430;
				TargetAttributes = {
					CF6051A92AD3278E00DF5688 = {
						CreatedOnToolsVersion = 14.3.1;
					};
				};
			};
			buildConfigurationList = CF6051A52AD3278E00DF5688 /* Build configuration list for PBXProject "Rick&Morty" */;
			compatibilityVersion = "Xcode 14.0";
			developmentRegion = en;
			hasScannedForEncodings = 0;
			knownRegions = (
				en,
				Base,
			);
			mainGroup = CF6051A12AD3278E00DF5688;
			productRefGroup = CF6051AB2AD3278E00DF5688 /* Products */;
			projectDirPath = "";
			projectRoot = "";
			targets = (
				CF6051A92AD3278E00DF5688 /* Rick&Morty */,
			);
		};
/* End PBXProject section */

/* Begin PBXResourcesBuildPhase section */
		CF6051A82AD3278E00DF5688 /* Resources */ = {
			isa = PBXResourcesBuildPhase;
			buildActionMask = 2147483647;
			files = (
				CF6051BA2AD3278F00DF5688 /* LaunchScreen.storyboard in Resources */,
				CF6051B72AD3278F00DF5688 /* Assets.xcassets in Resources */,
				CF6051B52AD3278E00DF5688 /* Main.storyboard in Resources */,
			);
			runOnlyForDeploymentPostprocessing = 0;
		};
/* End PBXResourcesBuildPhase section */

/* Begin PBXShellScriptBuildPhase section */
		25798662B37437BE0AD90461 /* [CP] Embed Pods Frameworks */ = {
			isa = PBXShellScriptBuildPhase;
			buildActionMask = 2147483647;
			files = (
			);
			inputFileListPaths = (
				"${PODS_ROOT}/Target Support Files/Pods-Rick&Morty/Pods-Rick&Morty-frameworks-${CONFIGURATION}-input-files.xcfilelist",
			);
			name = "[CP] Embed Pods Frameworks";
			outputFileListPaths = (
				"${PODS_ROOT}/Target Support Files/Pods-Rick&Morty/Pods-Rick&Morty-frameworks-${CONFIGURATION}-output-files.xcfilelist",
			);
			runOnlyForDeploymentPostprocessing = 0;
			shellPath = /bin/sh;
			shellScript = "\"${PODS_ROOT}/Target Support Files/Pods-Rick&Morty/Pods-Rick&Morty-frameworks.sh\"\n";
			showEnvVarsInLog = 0;
		};
		965D4CD15D7C5D7F5477BBF5 /* [CP] Check Pods Manifest.lock */ = {
			isa = PBXShellScriptBuildPhase;
			buildActionMask = 2147483647;
			files = (
			);
			inputFileListPaths = (
			);
			inputPaths = (
				"${PODS_PODFILE_DIR_PATH}/Podfile.lock",
				"${PODS_ROOT}/Manifest.lock",
			);
			name = "[CP] Check Pods Manifest.lock";
			outputFileListPaths = (
			);
			outputPaths = (
				"$(DERIVED_FILE_DIR)/Pods-Rick&Morty-checkManifestLockResult.txt",
			);
			runOnlyForDeploymentPostprocessing = 0;
			shellPath = /bin/sh;
			shellScript = "diff \"${PODS_PODFILE_DIR_PATH}/Podfile.lock\" \"${PODS_ROOT}/Manifest.lock\" > /dev/null\nif [ $? != 0 ] ; then\n    # print error to STDERR\n    echo \"error: The sandbox is not in sync with the Podfile.lock. Run 'pod install' or update your CocoaPods installation.\" >&2\n    exit 1\nfi\n# This output is used by Xcode 'outputs' to avoid re-running this script phase.\necho \"SUCCESS\" > \"${SCRIPT_OUTPUT_FILE_0}\"\n";
			showEnvVarsInLog = 0;
		};
/* End PBXShellScriptBuildPhase section */

/* Begin PBXSourcesBuildPhase section */
		CF6051A62AD3278E00DF5688 /* Sources */ = {
			isa = PBXSourcesBuildPhase;
			buildActionMask = 2147483647;
			files = (
				CF5F1CFE2AD72BCD001E2A3E /* InfoCellViewModelType.swift in Sources */,
				CF6051B22AD3278E00DF5688 /* AuthController.swift in Sources */,
				CF9049792AD7DF4100212C57 /* InfoType.swift in Sources */,
				CF0E58DD2AD32C86000FE99C /* K.swift in Sources */,
				CF5F1CFC2AD72B4B001E2A3E /* PlanetCellViewModelType.swift in Sources */,
				CFDE7EFD2AD6E4E700252C67 /* CharacterFooter.swift in Sources */,
				CF13A6DE2AD5469A0055ED11 /* CharacterCellViewModel.swift in Sources */,
				CF5F1CF62AD729FA001E2A3E /* InfoViewModelType.swift in Sources */,
				CFAF57982AD844EB00F662D1 /* FooterView.swift in Sources */,
				CF9049682AD7DAE400212C57 /* Episode.swift in Sources */,
				CF1840DA2AD5A7AF00903C5E /* DecodeJson.swift in Sources */,
				CF6051AE2AD3278E00DF5688 /* AppDelegate.swift in Sources */,
				CF9049772AD7DC4E00212C57 /* EpisodeCellViewModel.swift in Sources */,
				CF1840D52AD5A1A500903C5E /* NetworkService.swift in Sources */,
				CF6051B02AD3278E00DF5688 /* SceneDelegate.swift in Sources */,
				CFDE89FC2AD9263A0072E257 /* Location.swift in Sources */,
				CF13A6D92AD5425A0055ED11 /* HomeViewModelType.swift in Sources */,
				CF90496C2AD7DBF000212C57 /* InfoCell.swift in Sources */,
				CF0E58DF2AD3404C000FE99C /* LogOutController.swift in Sources */,
				CF13A6DC2AD545620055ED11 /* CharacterCellViewModelType.swift in Sources */,
				CF5F1CF32AD729B3001E2A3E /* InfoViewModel.swift in Sources */,
				CF9049742AD7DC3700212C57 /* EpisodeCell.swift in Sources */,
				CF5F1CED2AD728EF001E2A3E /* InfoController.swift in Sources */,
				CFCFF26D2AD4717300B57DB4 /* CharacterCell.swift in Sources */,
				CFCFF2682AD465E500B57DB4 /* HomeController.swift in Sources */,
				CFDE89FA2AD91D250072E257 /* AvatarHeaderView.swift in Sources */,
				CF5F1CF82AD72A92001E2A3E /* EpisodeCellViewModelType.swift in Sources */,
				CF9049722AD7DC2400212C57 /* PlanetCell.swift in Sources */,
				CF13A6D62AD540FB0055ED11 /* HomeViewModel.swift in Sources */,
				CF23EAB02AD40A130004C647 /* RickAndMortyController.swift in Sources */,
				CF13A6D32AD53C800055ED11 /* Character.swift in Sources */,
				CF9049702AD7DC1800212C57 /* PlanetCellViewModel.swift in Sources */,
				CFE6F8CC2AD9732000F8BCA2 /* MainTabBarController.swift in Sources */,
				CF0E58DA2AD328D3000FE99C /* KeyChainManager.swift in Sources */,
				CFDE7EFB2AD6E3D200252C67 /* CharacterHeader.swift in Sources */,
				CF90497C2AD7E06200212C57 /* InfoModel.swift in Sources */,
				CF90496A2AD7DBE600212C57 /* InfoCellViewModel.swift in Sources */,
				CF23EAB32AD40FB50004C647 /* Extension.swift in Sources */,
			);
			runOnlyForDeploymentPostprocessing = 0;
		};
/* End PBXSourcesBuildPhase section */

/* Begin PBXVariantGroup section */
		CF6051B32AD3278E00DF5688 /* Main.storyboard */ = {
			isa = PBXVariantGroup;
			children = (
				CF6051B42AD3278E00DF5688 /* Base */,
			);
			name = Main.storyboard;
			sourceTree = "<group>";
		};
		CF6051B82AD3278F00DF5688 /* LaunchScreen.storyboard */ = {
			isa = PBXVariantGroup;
			children = (
				CF6051B92AD3278F00DF5688 /* Base */,
			);
			name = LaunchScreen.storyboard;
			sourceTree = "<group>";
		};
/* End PBXVariantGroup section */

/* Begin XCBuildConfiguration section */
		CF6051BC2AD3278F00DF5688 /* Debug */ = {
			isa = XCBuildConfiguration;
			buildSettings = {
				ALWAYS_SEARCH_USER_PATHS = NO;
				CLANG_ANALYZER_NONNULL = YES;
				CLANG_ANALYZER_NUMBER_OBJECT_CONVERSION = YES_AGGRESSIVE;
				CLANG_CXX_LANGUAGE_STANDARD = "gnu++20";
				CLANG_ENABLE_MODULES = YES;
				CLANG_ENABLE_OBJC_ARC = YES;
				CLANG_ENABLE_OBJC_WEAK = YES;
				CLANG_WARN_BLOCK_CAPTURE_AUTORELEASING = YES;
				CLANG_WARN_BOOL_CONVERSION = YES;
				CLANG_WARN_COMMA = YES;
				CLANG_WARN_CONSTANT_CONVERSION = YES;
				CLANG_WARN_DEPRECATED_OBJC_IMPLEMENTATIONS = YES;
				CLANG_WARN_DIRECT_OBJC_ISA_USAGE = YES_ERROR;
				CLANG_WARN_DOCUMENTATION_COMMENTS = YES;
				CLANG_WARN_EMPTY_BODY = YES;
				CLANG_WARN_ENUM_CONVERSION = YES;
				CLANG_WARN_INFINITE_RECURSION = YES;
				CLANG_WARN_INT_CONVERSION = YES;
				CLANG_WARN_NON_LITERAL_NULL_CONVERSION = YES;
				CLANG_WARN_OBJC_IMPLICIT_RETAIN_SELF = YES;
				CLANG_WARN_OBJC_LITERAL_CONVERSION = YES;
				CLANG_WARN_OBJC_ROOT_CLASS = YES_ERROR;
				CLANG_WARN_QUOTED_INCLUDE_IN_FRAMEWORK_HEADER = YES;
				CLANG_WARN_RANGE_LOOP_ANALYSIS = YES;
				CLANG_WARN_STRICT_PROTOTYPES = YES;
				CLANG_WARN_SUSPICIOUS_MOVE = YES;
				CLANG_WARN_UNGUARDED_AVAILABILITY = YES_AGGRESSIVE;
				CLANG_WARN_UNREACHABLE_CODE = YES;
				CLANG_WARN__DUPLICATE_METHOD_MATCH = YES;
				COPY_PHASE_STRIP = NO;
				DEBUG_INFORMATION_FORMAT = dwarf;
				ENABLE_STRICT_OBJC_MSGSEND = YES;
				ENABLE_TESTABILITY = YES;
				GCC_C_LANGUAGE_STANDARD = gnu11;
				GCC_DYNAMIC_NO_PIC = NO;
				GCC_NO_COMMON_BLOCKS = YES;
				GCC_OPTIMIZATION_LEVEL = 0;
				GCC_PREPROCESSOR_DEFINITIONS = (
					"DEBUG=1",
					"$(inherited)",
				);
				GCC_WARN_64_TO_32_BIT_CONVERSION = YES;
				GCC_WARN_ABOUT_RETURN_TYPE = YES_ERROR;
				GCC_WARN_UNDECLARED_SELECTOR = YES;
				GCC_WARN_UNINITIALIZED_AUTOS = YES_AGGRESSIVE;
				GCC_WARN_UNUSED_FUNCTION = YES;
				GCC_WARN_UNUSED_VARIABLE = YES;
				IPHONEOS_DEPLOYMENT_TARGET = 16.4;
				MTL_ENABLE_DEBUG_INFO = INCLUDE_SOURCE;
				MTL_FAST_MATH = YES;
				ONLY_ACTIVE_ARCH = YES;
				SDKROOT = iphoneos;
				SWIFT_ACTIVE_COMPILATION_CONDITIONS = DEBUG;
				SWIFT_OPTIMIZATION_LEVEL = "-Onone";
			};
			name = Debug;
		};
		CF6051BD2AD3278F00DF5688 /* Release */ = {
			isa = XCBuildConfiguration;
			buildSettings = {
				ALWAYS_SEARCH_USER_PATHS = NO;
				CLANG_ANALYZER_NONNULL = YES;
				CLANG_ANALYZER_NUMBER_OBJECT_CONVERSION = YES_AGGRESSIVE;
				CLANG_CXX_LANGUAGE_STANDARD = "gnu++20";
				CLANG_ENABLE_MODULES = YES;
				CLANG_ENABLE_OBJC_ARC = YES;
				CLANG_ENABLE_OBJC_WEAK = YES;
				CLANG_WARN_BLOCK_CAPTURE_AUTORELEASING = YES;
				CLANG_WARN_BOOL_CONVERSION = YES;
				CLANG_WARN_COMMA = YES;
				CLANG_WARN_CONSTANT_CONVERSION = YES;
				CLANG_WARN_DEPRECATED_OBJC_IMPLEMENTATIONS = YES;
				CLANG_WARN_DIRECT_OBJC_ISA_USAGE = YES_ERROR;
				CLANG_WARN_DOCUMENTATION_COMMENTS = YES;
				CLANG_WARN_EMPTY_BODY = YES;
				CLANG_WARN_ENUM_CONVERSION = YES;
				CLANG_WARN_INFINITE_RECURSION = YES;
				CLANG_WARN_INT_CONVERSION = YES;
				CLANG_WARN_NON_LITERAL_NULL_CONVERSION = YES;
				CLANG_WARN_OBJC_IMPLICIT_RETAIN_SELF = YES;
				CLANG_WARN_OBJC_LITERAL_CONVERSION = YES;
				CLANG_WARN_OBJC_ROOT_CLASS = YES_ERROR;
				CLANG_WARN_QUOTED_INCLUDE_IN_FRAMEWORK_HEADER = YES;
				CLANG_WARN_RANGE_LOOP_ANALYSIS = YES;
				CLANG_WARN_STRICT_PROTOTYPES = YES;
				CLANG_WARN_SUSPICIOUS_MOVE = YES;
				CLANG_WARN_UNGUARDED_AVAILABILITY = YES_AGGRESSIVE;
				CLANG_WARN_UNREACHABLE_CODE = YES;
				CLANG_WARN__DUPLICATE_METHOD_MATCH = YES;
				COPY_PHASE_STRIP = NO;
				DEBUG_INFORMATION_FORMAT = "dwarf-with-dsym";
				ENABLE_NS_ASSERTIONS = NO;
				ENABLE_STRICT_OBJC_MSGSEND = YES;
				GCC_C_LANGUAGE_STANDARD = gnu11;
				GCC_NO_COMMON_BLOCKS = YES;
				GCC_WARN_64_TO_32_BIT_CONVERSION = YES;
				GCC_WARN_ABOUT_RETURN_TYPE = YES_ERROR;
				GCC_WARN_UNDECLARED_SELECTOR = YES;
				GCC_WARN_UNINITIALIZED_AUTOS = YES_AGGRESSIVE;
				GCC_WARN_UNUSED_FUNCTION = YES;
				GCC_WARN_UNUSED_VARIABLE = YES;
				IPHONEOS_DEPLOYMENT_TARGET = 16.4;
				MTL_ENABLE_DEBUG_INFO = NO;
				MTL_FAST_MATH = YES;
				SDKROOT = iphoneos;
				SWIFT_COMPILATION_MODE = wholemodule;
				SWIFT_OPTIMIZATION_LEVEL = "-O";
				VALIDATE_PRODUCT = YES;
			};
			name = Release;
		};
		CF6051BF2AD3278F00DF5688 /* Debug */ = {
			isa = XCBuildConfiguration;
			baseConfigurationReference = 466095CF3EEDC293E1DE0006 /* Pods-Rick&Morty.debug.xcconfig */;
			buildSettings = {
				ASSETCATALOG_COMPILER_APPICON_NAME = AppIcon;
				ASSETCATALOG_COMPILER_GLOBAL_ACCENT_COLOR_NAME = AccentColor;
				CODE_SIGN_STYLE = Automatic;
				CURRENT_PROJECT_VERSION = 1;
				DEVELOPMENT_TEAM = F54VLCC48K;
				GENERATE_INFOPLIST_FILE = YES;
				INFOPLIST_FILE = "Rick&Morty/Info.plist";
				INFOPLIST_KEY_UIApplicationSupportsIndirectInputEvents = YES;
				INFOPLIST_KEY_UILaunchStoryboardName = LaunchScreen;
				INFOPLIST_KEY_UIMainStoryboardFile = Main;
				INFOPLIST_KEY_UISupportedInterfaceOrientations = UIInterfaceOrientationPortrait;
				INFOPLIST_KEY_UISupportedInterfaceOrientations_iPad = "UIInterfaceOrientationLandscapeLeft UIInterfaceOrientationLandscapeRight UIInterfaceOrientationPortrait UIInterfaceOrientationPortraitUpsideDown";
				IPHONEOS_DEPLOYMENT_TARGET = 15.0;
				LD_RUNPATH_SEARCH_PATHS = (
					"$(inherited)",
					"@executable_path/Frameworks",
				);
				MARKETING_VERSION = 1.0;
				PRODUCT_BUNDLE_IDENTIFIER = "Rick-Morty-Denim-Merzhan.Rick-Morty";
				PRODUCT_NAME = "$(TARGET_NAME)";
				SWIFT_EMIT_LOC_STRINGS = YES;
				SWIFT_VERSION = 5.0;
				TARGETED_DEVICE_FAMILY = "1,2";
			};
			name = Debug;
		};
		CF6051C02AD3278F00DF5688 /* Release */ = {
			isa = XCBuildConfiguration;
			baseConfigurationReference = F5827D6753A697261E8039B7 /* Pods-Rick&Morty.release.xcconfig */;
			buildSettings = {
				ASSETCATALOG_COMPILER_APPICON_NAME = AppIcon;
				ASSETCATALOG_COMPILER_GLOBAL_ACCENT_COLOR_NAME = AccentColor;
				CODE_SIGN_STYLE = Automatic;
				CURRENT_PROJECT_VERSION = 1;
				DEVELOPMENT_TEAM = F54VLCC48K;
				GENERATE_INFOPLIST_FILE = YES;
				INFOPLIST_FILE = "Rick&Morty/Info.plist";
				INFOPLIST_KEY_UIApplicationSupportsIndirectInputEvents = YES;
				INFOPLIST_KEY_UILaunchStoryboardName = LaunchScreen;
				INFOPLIST_KEY_UIMainStoryboardFile = Main;
				INFOPLIST_KEY_UISupportedInterfaceOrientations = UIInterfaceOrientationPortrait;
				INFOPLIST_KEY_UISupportedInterfaceOrientations_iPad = "UIInterfaceOrientationLandscapeLeft UIInterfaceOrientationLandscapeRight UIInterfaceOrientationPortrait UIInterfaceOrientationPortraitUpsideDown";
				IPHONEOS_DEPLOYMENT_TARGET = 15.0;
				LD_RUNPATH_SEARCH_PATHS = (
					"$(inherited)",
					"@executable_path/Frameworks",
				);
				MARKETING_VERSION = 1.0;
				PRODUCT_BUNDLE_IDENTIFIER = "Rick-Morty-Denim-Merzhan.Rick-Morty";
				PRODUCT_NAME = "$(TARGET_NAME)";
				SWIFT_EMIT_LOC_STRINGS = YES;
				SWIFT_VERSION = 5.0;
				TARGETED_DEVICE_FAMILY = "1,2";
			};
			name = Release;
		};
/* End XCBuildConfiguration section */

/* Begin XCConfigurationList section */
		CF6051A52AD3278E00DF5688 /* Build configuration list for PBXProject "Rick&Morty" */ = {
			isa = XCConfigurationList;
			buildConfigurations = (
				CF6051BC2AD3278F00DF5688 /* Debug */,
				CF6051BD2AD3278F00DF5688 /* Release */,
			);
			defaultConfigurationIsVisible = 0;
			defaultConfigurationName = Release;
		};
		CF6051BE2AD3278F00DF5688 /* Build configuration list for PBXNativeTarget "Rick&Morty" */ = {
			isa = XCConfigurationList;
			buildConfigurations = (
				CF6051BF2AD3278F00DF5688 /* Debug */,
				CF6051C02AD3278F00DF5688 /* Release */,
			);
			defaultConfigurationIsVisible = 0;
			defaultConfigurationName = Release;
		};
/* End XCConfigurationList section */
	};
	rootObject = CF6051A22AD3278E00DF5688 /* Project object */;
}
